
Microsoft Visual Studio Solution File, Format Version 12.00
# Visual Studio Version 17
VisualStudioVersion = 17.5.002.0
MinimumVisualStudioVersion = 10.0.40219.1
Project("{2150E333-8FDC-42A3-9474-1A3956D46DE8}") = "2023", "2023", "{316561F2-3CBE-43DA-93A4-3EAA94212183}"
EndProject
Project("{9A19103F-16F7-4668-BE54-9A1E7A4F7556}") = "day04", "2023\day04\day04.csproj", "{6176FE6B-5D23-4A5B-8790-A6BD28781EFE}"
EndProject
Project("{9A19103F-16F7-4668-BE54-9A1E7A4F7556}") = "day05", "2023\day05\day05.csproj", "{DB208FD7-3DFC-4E9F-B224-F77C48F6CCD5}"
EndProject
Project("{FAE04EC0-301F-11D3-BF4B-00C04F79EFBC}") = "day06", "2023\day06\day06.csproj", "{8FAE1C0A-2C90-4560-8875-8FDAC4226F44}"
EndProject
Project("{FAE04EC0-301F-11D3-BF4B-00C04F79EFBC}") = "day07", "2023\day07\day07.csproj", "{B3EF2ECB-F77F-448B-AAA8-0D8143766F9A}"
EndProject
Project("{FAE04EC0-301F-11D3-BF4B-00C04F79EFBC}") = "day08", "2023\day08\day08.csproj", "{655B291C-A4D9-4C1E-95CB-984F9705EC5A}"
EndProject
Project("{FAE04EC0-301F-11D3-BF4B-00C04F79EFBC}") = "day09", "2023\day09\day09.csproj", "{3A7AAE50-1057-4037-9D7F-BA18A197D932}"
EndProject
Project("{FAE04EC0-301F-11D3-BF4B-00C04F79EFBC}") = "day10", "2023\day10\day10.csproj", "{8C19C6B2-18FA-4603-A894-ECFD30736A06}"
EndProject
Project("{FAE04EC0-301F-11D3-BF4B-00C04F79EFBC}") = "day11", "2023\day11\day11.csproj", "{45255108-B784-410D-A8BB-2E6DC080F44A}"
EndProject
Project("{FAE04EC0-301F-11D3-BF4B-00C04F79EFBC}") = "day12", "2023\day12\day12.csproj", "{6E6732D3-BD3A-4E80-BF77-9F56F3BEEFB5}"
EndProject
Project("{FAE04EC0-301F-11D3-BF4B-00C04F79EFBC}") = "day13", "2023\day13\day13.csproj", "{D26F5FCD-5E44-41B3-A341-55F77943CBF6}"
EndProject
Global
	GlobalSection(SolutionConfigurationPlatforms) = preSolution
		Debug|Any CPU = Debug|Any CPU
		Release|Any CPU = Release|Any CPU
	EndGlobalSection
	GlobalSection(ProjectConfigurationPlatforms) = postSolution
		{6176FE6B-5D23-4A5B-8790-A6BD28781EFE}.Debug|Any CPU.ActiveCfg = Debug|Any CPU
		{6176FE6B-5D23-4A5B-8790-A6BD28781EFE}.Debug|Any CPU.Build.0 = Debug|Any CPU
		{6176FE6B-5D23-4A5B-8790-A6BD28781EFE}.Release|Any CPU.ActiveCfg = Release|Any CPU
		{6176FE6B-5D23-4A5B-8790-A6BD28781EFE}.Release|Any CPU.Build.0 = Release|Any CPU
		{DB208FD7-3DFC-4E9F-B224-F77C48F6CCD5}.Debug|Any CPU.ActiveCfg = Debug|Any CPU
		{DB208FD7-3DFC-4E9F-B224-F77C48F6CCD5}.Debug|Any CPU.Build.0 = Debug|Any CPU
		{DB208FD7-3DFC-4E9F-B224-F77C48F6CCD5}.Release|Any CPU.ActiveCfg = Release|Any CPU
		{DB208FD7-3DFC-4E9F-B224-F77C48F6CCD5}.Release|Any CPU.Build.0 = Release|Any CPU
		{8FAE1C0A-2C90-4560-8875-8FDAC4226F44}.Debug|Any CPU.ActiveCfg = Debug|Any CPU
		{8FAE1C0A-2C90-4560-8875-8FDAC4226F44}.Debug|Any CPU.Build.0 = Debug|Any CPU
		{8FAE1C0A-2C90-4560-8875-8FDAC4226F44}.Release|Any CPU.ActiveCfg = Release|Any CPU
		{8FAE1C0A-2C90-4560-8875-8FDAC4226F44}.Release|Any CPU.Build.0 = Release|Any CPU
		{B3EF2ECB-F77F-448B-AAA8-0D8143766F9A}.Debug|Any CPU.ActiveCfg = Debug|Any CPU
		{B3EF2ECB-F77F-448B-AAA8-0D8143766F9A}.Debug|Any CPU.Build.0 = Debug|Any CPU
		{B3EF2ECB-F77F-448B-AAA8-0D8143766F9A}.Release|Any CPU.ActiveCfg = Release|Any CPU
		{B3EF2ECB-F77F-448B-AAA8-0D8143766F9A}.Release|Any CPU.Build.0 = Release|Any CPU
		{655B291C-A4D9-4C1E-95CB-984F9705EC5A}.Debug|Any CPU.ActiveCfg = Debug|Any CPU
		{655B291C-A4D9-4C1E-95CB-984F9705EC5A}.Debug|Any CPU.Build.0 = Debug|Any CPU
		{655B291C-A4D9-4C1E-95CB-984F9705EC5A}.Release|Any CPU.ActiveCfg = Release|Any CPU
		{655B291C-A4D9-4C1E-95CB-984F9705EC5A}.Release|Any CPU.Build.0 = Release|Any CPU
		{3A7AAE50-1057-4037-9D7F-BA18A197D932}.Debug|Any CPU.ActiveCfg = Debug|Any CPU
		{3A7AAE50-1057-4037-9D7F-BA18A197D932}.Debug|Any CPU.Build.0 = Debug|Any CPU
		{3A7AAE50-1057-4037-9D7F-BA18A197D932}.Release|Any CPU.ActiveCfg = Release|Any CPU
		{3A7AAE50-1057-4037-9D7F-BA18A197D932}.Release|Any CPU.Build.0 = Release|Any CPU
		{8C19C6B2-18FA-4603-A894-ECFD30736A06}.Debug|Any CPU.ActiveCfg = Debug|Any CPU
		{8C19C6B2-18FA-4603-A894-ECFD30736A06}.Debug|Any CPU.Build.0 = Debug|Any CPU
		{8C19C6B2-18FA-4603-A894-ECFD30736A06}.Release|Any CPU.ActiveCfg = Release|Any CPU
		{8C19C6B2-18FA-4603-A894-ECFD30736A06}.Release|Any CPU.Build.0 = Release|Any CPU
		{45255108-B784-410D-A8BB-2E6DC080F44A}.Debug|Any CPU.ActiveCfg = Debug|Any CPU
		{45255108-B784-410D-A8BB-2E6DC080F44A}.Debug|Any CPU.Build.0 = Debug|Any CPU
		{45255108-B784-410D-A8BB-2E6DC080F44A}.Release|Any CPU.ActiveCfg = Release|Any CPU
		{45255108-B784-410D-A8BB-2E6DC080F44A}.Release|Any CPU.Build.0 = Release|Any CPU
		{6E6732D3-BD3A-4E80-BF77-9F56F3BEEFB5}.Debug|Any CPU.ActiveCfg = Debug|Any CPU
		{6E6732D3-BD3A-4E80-BF77-9F56F3BEEFB5}.Debug|Any CPU.Build.0 = Debug|Any CPU
		{6E6732D3-BD3A-4E80-BF77-9F56F3BEEFB5}.Release|Any CPU.ActiveCfg = Release|Any CPU
		{6E6732D3-BD3A-4E80-BF77-9F56F3BEEFB5}.Release|Any CPU.Build.0 = Release|Any CPU
		{D26F5FCD-5E44-41B3-A341-55F77943CBF6}.Debug|Any CPU.ActiveCfg = Debug|Any CPU
		{D26F5FCD-5E44-41B3-A341-55F77943CBF6}.Debug|Any CPU.Build.0 = Debug|Any CPU
		{D26F5FCD-5E44-41B3-A341-55F77943CBF6}.Release|Any CPU.ActiveCfg = Release|Any CPU
		{D26F5FCD-5E44-41B3-A341-55F77943CBF6}.Release|Any CPU.Build.0 = Release|Any CPU
	EndGlobalSection
	GlobalSection(SolutionProperties) = preSolution
		HideSolutionNode = FALSE
	EndGlobalSection
	GlobalSection(NestedProjects) = preSolution
		{6176FE6B-5D23-4A5B-8790-A6BD28781EFE} = {316561F2-3CBE-43DA-93A4-3EAA94212183}
		{DB208FD7-3DFC-4E9F-B224-F77C48F6CCD5} = {316561F2-3CBE-43DA-93A4-3EAA94212183}
		{8FAE1C0A-2C90-4560-8875-8FDAC4226F44} = {316561F2-3CBE-43DA-93A4-3EAA94212183}
		{B3EF2ECB-F77F-448B-AAA8-0D8143766F9A} = {316561F2-3CBE-43DA-93A4-3EAA94212183}
		{655B291C-A4D9-4C1E-95CB-984F9705EC5A} = {316561F2-3CBE-43DA-93A4-3EAA94212183}
		{3A7AAE50-1057-4037-9D7F-BA18A197D932} = {316561F2-3CBE-43DA-93A4-3EAA94212183}
		{8C19C6B2-18FA-4603-A894-ECFD30736A06} = {316561F2-3CBE-43DA-93A4-3EAA94212183}
		{45255108-B784-410D-A8BB-2E6DC080F44A} = {316561F2-3CBE-43DA-93A4-3EAA94212183}
		{6E6732D3-BD3A-4E80-BF77-9F56F3BEEFB5} = {316561F2-3CBE-43DA-93A4-3EAA94212183}
		{D26F5FCD-5E44-41B3-A341-55F77943CBF6} = {316561F2-3CBE-43DA-93A4-3EAA94212183}
	EndGlobalSection
	GlobalSection(ExtensibilityGlobals) = postSolution
		SolutionGuid = {8F7262B9-C918-4FE9-8885-6C04C71F94FE}
	EndGlobalSection
EndGlobal
