github.com/zAiro12/AdventOfCode/utile v0.0.0-20221125215915-f2c2dad8c86b h1:9qxUa0Y3zvbTs/hAmHquR9VjGELhxwY2wipKQisc9Rc=
github.com/zAiro12/AdventOfCode/utile v0.0.0-20221125215915-f2c2dad8c86b/go.mod h1:oTsHGt1IVSaBJiBKhslfLV+dbzZsYXNBIyt4KuywtJA=
github.com/zAiro12/AdventOfCode/utile v0.0.0-20221126091040-e26f146b8c37 h1:SEFVoxpWxtSNx5r4LYRPUfouKTUL93xUUrAO31zvK80=
github.com/zAiro12/AdventOfCode/utile v0.0.0-20221126091040-e26f146b8c37/go.mod h1:oTsHGt1IVSaBJiBKhslfLV+dbzZsYXNBIyt4KuywtJA=
github.com/zAiro12/AdventOfCode/utile v0.0.0-20221126093715-f76c565acbcb h1:YkV4T4xBixK9tGLZ0NNdI3w+9OVUSbOHJhQiwSrTtHc=
github.com/zAiro12/AdventOfCode/utile v0.0.0-20221126093715-f76c565acbcb/go.mod h1:oTsHGt1IVSaBJiBKhslfLV+dbzZsYXNBIyt4KuywtJA=
